
Microsoft Visual Studio Solution File, Format Version 12.00
# Visual Studio 2012
Project("{FAE04EC0-301F-11D3-BF4B-00C04F79EFBC}") = "WebSite", "src\OnPremise\WebSite\WebSite.csproj", "{D0698D3A-782C-4FCA-9338-558825F77578}"
EndProject
Global
	GlobalSection(SolutionConfigurationPlatforms) = preSolution
		Debug|Any CPU = Debug|Any CPU
		Release|Any CPU = Release|Any CPU
	EndGlobalSection
	GlobalSection(ProjectConfigurationPlatforms) = postSolution
		{D0698D3A-782C-4FCA-9338-558825F77578}.Debug|Any CPU.ActiveCfg = Debug|Any CPU
		{D0698D3A-782C-4FCA-9338-558825F77578}.Debug|Any CPU.Build.0 = Debug|Any CPU
		{D0698D3A-782C-4FCA-9338-558825F77578}.Release|Any CPU.ActiveCfg = Release|Any CPU
		{D0698D3A-782C-4FCA-9338-558825F77578}.Release|Any CPU.Build.0 = Release|Any CPU
	EndGlobalSection
	GlobalSection(SolutionProperties) = preSolution
		HideSolutionNode = FALSE
	EndGlobalSection
EndGlobal
