
Microsoft Visual Studio Solution File, Format Version 12.00
# Visual Studio 2012
Project("{FAE04EC0-301F-11D3-BF4B-00C04F79EFBC}") = "WebHost", "WebHost\WebHost.csproj", "{FA6044C9-A0BF-4529-87AA-3B77DD4604F5}"
EndProject
Project("{2150E333-8FDC-42A3-9474-1A3956D46DE8}") = ".nuget", ".nuget", "{76024C31-E3E0-4E66-A4DD-9BE08223F03D}"
	ProjectSection(SolutionItems) = preProject
		.nuget\NuGet.Config = .nuget\NuGet.Config
		.nuget\NuGet.exe = .nuget\NuGet.exe
		.nuget\NuGet.targets = .nuget\NuGet.targets
	EndProjectSection
EndProject
Global
	GlobalSection(SolutionConfigurationPlatforms) = preSolution
		Debug|Any CPU = Debug|Any CPU
		Release|Any CPU = Release|Any CPU
	EndGlobalSection
	GlobalSection(ProjectConfigurationPlatforms) = postSolution
		{FA6044C9-A0BF-4529-87AA-3B77DD4604F5}.Debug|Any CPU.ActiveCfg = Debug|Any CPU
		{FA6044C9-A0BF-4529-87AA-3B77DD4604F5}.Debug|Any CPU.Build.0 = Debug|Any CPU
		{FA6044C9-A0BF-4529-87AA-3B77DD4604F5}.Release|Any CPU.ActiveCfg = Release|Any CPU
		{FA6044C9-A0BF-4529-87AA-3B77DD4604F5}.Release|Any CPU.Build.0 = Release|Any CPU
	EndGlobalSection
	GlobalSection(SolutionProperties) = preSolution
		HideSolutionNode = FALSE
	EndGlobalSection
EndGlobal
