
Microsoft Visual Studio Solution File, Format Version 12.00
# Visual Studio 2012
Project("{FAE04EC0-301F-11D3-BF4B-00C04F79EFBC}") = "SelfHostConsoleHost", "SelfHostConsoleHost.csproj", "{ED699CD5-69AD-480F-ADA2-959514F875BF}"
EndProject
Global
	GlobalSection(SolutionConfigurationPlatforms) = preSolution
		Debug|Any CPU = Debug|Any CPU
		Release|Any CPU = Release|Any CPU
	EndGlobalSection
	GlobalSection(ProjectConfigurationPlatforms) = postSolution
		{ED699CD5-69AD-480F-ADA2-959514F875BF}.Debug|Any CPU.ActiveCfg = Debug|Any CPU
		{ED699CD5-69AD-480F-ADA2-959514F875BF}.Debug|Any CPU.Build.0 = Debug|Any CPU
		{ED699CD5-69AD-480F-ADA2-959514F875BF}.Release|Any CPU.ActiveCfg = Release|Any CPU
		{ED699CD5-69AD-480F-ADA2-959514F875BF}.Release|Any CPU.Build.0 = Release|Any CPU
	EndGlobalSection
	GlobalSection(SolutionProperties) = preSolution
		HideSolutionNode = FALSE
	EndGlobalSection
EndGlobal
